{
  "nodes": {
    "nixpkgs": {
      "locked": {
        "lastModified": 1773122722,
        "narHash": "sha256-FIqHByVqxCprNjor1NqF80F2QQoiiyqanNNefdlvOg4=",
        "owner": "NixOS",
        "repo": "nixpkgs",
        "rev": "62dc67aa6a52b4364dd75994ec00b51fbf474e50",
        "type": "github"
      },
      "original": {
        "owner": "NixOS",
        "ref": "nixos-unstable",
        "repo": "nixpkgs",
        "type": "github"
      }
    },
    "nixpkgs-cuda": {
      "locked": {
        "lastModified": 1750111231,
        "narHash": "sha256-3a7Tha/RwYlzH/v3PJrG7+HjOj4c6YOv2K8sqdGsHVQ=",
        "owner": "NixOS",
        "repo": "nixpkgs",
        "rev": "e6f23dc08d3624daab7094b701aa3954923c6bbb",
        "type": "github"
      },
      "original": {
        "owner": "NixOS",
        "repo": "nixpkgs",
        "rev": "e6f23dc08d3624daab7094b701aa3954923c6bbb",
        "type": "github"
      }
    },
    "root": {
      "inputs": {
        "nixpkgs": "nixpkgs",
        "nixpkgs-cuda": "nixpkgs-cuda",
        "rust-overlay": "rust-overlay"
      }
    },
    "rust-overlay": {
      "inputs": {
        "nixpkgs": [
          "nixpkgs"
        ]
      },
      "locked": {
        "lastModified": 1773284828,
        "narHash": "sha256-0qI+a9z7KpYCBbp4ENN32b2tf0VmC3MhgFw1KAroqxQ=",
        "owner": "oxalica",
        "repo": "rust-overlay",
        "rev": "2b18fe48d9a8a4ff3850d56b67cfe72f2a589237",
        "type": "github"
      },
      "original": {
        "owner": "oxalica",
        "repo": "rust-overlay",
        "type": "github"
      }
    }
  },
  "root": "root",
  "version": 7
}
